PODS:
  - Capacitor (7.4.4):
    - CapacitorCordova
  - CapacitorCordova (7.4.4)

DEPENDENCIES:
  - "Capacitor (from `../../../node_modules/@capacitor/ios`)"
  - "CapacitorCordova (from `../../../node_modules/@capacitor/ios`)"

EXTERNAL SOURCES:
  Capacitor:
    :path: "../../../node_modules/@capacitor/ios"
  CapacitorCordova:
    :path: "../../../node_modules/@capacitor/ios"

SPEC CHECKSUMS:
  Capacitor: 09d9ff8e9618e8c4b3cab2bbee34a17215dd2fef
  CapacitorCordova: bf648a636f3c153f652d312ae145fb508b6ffced

PODFILE CHECKSUM: e20413c0da501d871c3c6fcdc224c12f46ad46f7

COCOAPODS: 1.16.2
